
Microsoft Visual Studio Solution File, Format Version 12.00
# Visual Studio 15
VisualStudioVersion = 15.0.27004.2010
MinimumVisualStudioVersion = 10.0.40219.1
Project("{9A19103F-16F7-4668-BE54-9A1E7A4F7556}") = "IvSite.Data", "IvSite.Data\IvSite.Data.csproj", "{6182D426-B93C-43AA-AAE5-BBDC4B0B24FB}"
EndProject
Project("{9A19103F-16F7-4668-BE54-9A1E7A4F7556}") = "IvSite.Services", "IvSite.Services\IvSite.Services.csproj", "{A8BB705E-34A3-4D93-83AE-BF83628A377E}"
EndProject
Project("{9A19103F-16F7-4668-BE54-9A1E7A4F7556}") = "IvSite.Web", "IvSite.Web\IvSite.Web.csproj", "{6C905411-0F2B-49E6-B7FC-C025EAA4C92E}"
EndProject
Global
	GlobalSection(SolutionConfigurationPlatforms) = preSolution
		Debug|Any CPU = Debug|Any CPU
		Release|Any CPU = Release|Any CPU
	EndGlobalSection
	GlobalSection(ProjectConfigurationPlatforms) = postSolution
		{6182D426-B93C-43AA-AAE5-BBDC4B0B24FB}.Debug|Any CPU.ActiveCfg = Debug|Any CPU
		{6182D426-B93C-43AA-AAE5-BBDC4B0B24FB}.Debug|Any CPU.Build.0 = Debug|Any CPU
		{6182D426-B93C-43AA-AAE5-BBDC4B0B24FB}.Release|Any CPU.ActiveCfg = Release|Any CPU
		{6182D426-B93C-43AA-AAE5-BBDC4B0B24FB}.Release|Any CPU.Build.0 = Release|Any CPU
		{A8BB705E-34A3-4D93-83AE-BF83628A377E}.Debug|Any CPU.ActiveCfg = Debug|Any CPU
		{A8BB705E-34A3-4D93-83AE-BF83628A377E}.Debug|Any CPU.Build.0 = Debug|Any CPU
		{A8BB705E-34A3-4D93-83AE-BF83628A377E}.Release|Any CPU.ActiveCfg = Release|Any CPU
		{A8BB705E-34A3-4D93-83AE-BF83628A377E}.Release|Any CPU.Build.0 = Release|Any CPU
		{6C905411-0F2B-49E6-B7FC-C025EAA4C92E}.Debug|Any CPU.ActiveCfg = Debug|Any CPU
		{6C905411-0F2B-49E6-B7FC-C025EAA4C92E}.Debug|Any CPU.Build.0 = Debug|Any CPU
		{6C905411-0F2B-49E6-B7FC-C025EAA4C92E}.Release|Any CPU.ActiveCfg = Release|Any CPU
		{6C905411-0F2B-49E6-B7FC-C025EAA4C92E}.Release|Any CPU.Build.0 = Release|Any CPU
	EndGlobalSection
	GlobalSection(SolutionProperties) = preSolution
		HideSolutionNode = FALSE
	EndGlobalSection
	GlobalSection(ExtensibilityGlobals) = postSolution
		SolutionGuid = {BEBF5037-6649-407A-A28C-6A7D4EDF4A70}
	EndGlobalSection
EndGlobal
